{
  "version": 1,
  "dependencies": {
    "net8.0": {
      "Expecto": {
        "type": "Direct",
        "requested": "[9.0.2, )",
        "resolved": "9.0.2",
        "contentHash": "R7sffs4u7VDVv35eVXPE9nnP8+6ufG45+rWQldWFqDzfK/+3UBPpHrUA0tI4yj6R6qYwbJCU98fJCZKUTaZkew==",
        "dependencies": {
          "FSharp.Core": "4.6.0",
          "Mono.Cecil": "0.11.2"
        }
      },
      "FSharp.Core": {
        "type": "Direct",
        "requested": "[8.0.100, )",
        "resolved": "8.0.100",
        "contentHash": "ZOVZ/o+jI3ormTZOa28Wh0tSRoyle1f7lKFcUN61sPiXI7eDZu8eSveFybgTeyIEyW0ujjp31cp7GOglDgsNEg=="
      },
      "Mono.Cecil": {
        "type": "Transitive",
        "resolved": "0.11.2",
        "contentHash": "hZNAnXKQsOs/SZMFtT/e82/nA/iLgkeDy+sHD8xix4f0m9/3G0RNZplE1QHB+0n8QXq54jLqR/IPgVOkLapkyg=="
      },
      "unquote": {
        "type": "Project",
        "dependencies": {
          "FSharp.Core": "[8.0.100, )"
        }
      }
    }
  }
}