{
  "version": 1,
  "dependencies": {
    ".NETCoreApp,Version=v5.0": {
      "Expecto": {
        "type": "Direct",
        "requested": "[9.0.2, )",
        "resolved": "9.0.2",
        "contentHash": "R7sffs4u7VDVv35eVXPE9nnP8+6ufG45+rWQldWFqDzfK/+3UBPpHrUA0tI4yj6R6qYwbJCU98fJCZKUTaZkew==",
        "dependencies": {
          "FSharp.Core": "4.6.0",
          "Mono.Cecil": "0.11.2"
        }
      },
      "FSharp.Core": {
        "type": "Direct",
        "requested": "[4.7.2, )",
        "resolved": "4.7.2",
        "contentHash": "w3XFVTnyZUbC8e2QT6a85ern6y7eQPPk+MYemz1FP0iBfgZcembL+wmo5cIZ1kxB8jfoXC8Q9KVkOMsGpkBKbA=="
      },
      "Mono.Cecil": {
        "type": "Transitive",
        "resolved": "0.11.2",
        "contentHash": "hZNAnXKQsOs/SZMFtT/e82/nA/iLgkeDy+sHD8xix4f0m9/3G0RNZplE1QHB+0n8QXq54jLqR/IPgVOkLapkyg=="
      },
      "unquote": {
        "type": "Project",
        "dependencies": {
          "FSharp.Core": "4.7.2"
        }
      }
    }
  }
}