
Microsoft Visual Studio Solution File, Format Version 12.00
# Visual Studio 14
VisualStudioVersion = 14.0.24720.0
MinimumVisualStudioVersion = 10.0.40219.1
Project("{2150E333-8FDC-42A3-9474-1A3956D46DE8}") = ".nuget", ".nuget", "{0E4C6503-6760-4E1F-A682-0CE6459A06DD}"
	ProjectSection(SolutionItems) = preProject
		.nuget\nuget.config = .nuget\nuget.config
		.nuget\nuget.exe = .nuget\nuget.exe
		.nuget\nuget.targets = .nuget\nuget.targets
	EndProjectSection
EndProject
Project("{2150E333-8FDC-42A3-9474-1A3956D46DE8}") = "Solution Items", "Solution Items", "{54211C58-167D-40A2-A550-B02876EF0D69}"
	ProjectSection(SolutionItems) = preProject
		build.bat = build.bat
		LICENSE = LICENSE
		NOTICE = NOTICE
	EndProjectSection
EndProject
Project("{2150E333-8FDC-42A3-9474-1A3956D46DE8}") = "src", "src", "{EB32E8B1-DE90-4335-B342-41E3A79D279C}"
EndProject
Project("{2150E333-8FDC-42A3-9474-1A3956D46DE8}") = "test", "test", "{F9C32BC8-6AC9-47E0-9859-3696C06FC112}"
EndProject
Project("{2150E333-8FDC-42A3-9474-1A3956D46DE8}") = "verify", "verify", "{6C77CA49-EACA-4B17-A67B-BBE2B6836640}"
EndProject
Project("{F2A71F9B-5D33-465A-A702-920D77279786}") = "VerifyXunit2Support", "VerifyXunit2Support\VerifyXunit2Support.fsproj", "{78942CAF-9D8D-4E44-8953-E04E58E27D51}"
EndProject
Project("{F2A71F9B-5D33-465A-A702-920D77279786}") = "VerifyNunitSupport", "VerifyNunitSupport\VerifyNunitSupport.fsproj", "{6E3F6FDB-A45F-4D07-8735-1CCCD10A7DBA}"
EndProject
Project("{F2A71F9B-5D33-465A-A702-920D77279786}") = "Unquote", "Unquote\Unquote.fsproj", "{80F427B5-3AED-4D52-BC86-850A40427ECF}"
EndProject
Project("{F2A71F9B-5D33-465A-A702-920D77279786}") = "VerifyNonFrameworkSupport", "VerifyNonFrameworkSupport\VerifyNonFrameworkSupport.fsproj", "{96699208-E64B-4EDF-95B8-78001CEBC7F8}"
EndProject
Project("{F2A71F9B-5D33-465A-A702-920D77279786}") = "UnquoteTests", "UnquoteTests\UnquoteTests.fsproj", "{110FE67E-4603-4905-8BA0-8B043AAC2677}"
EndProject
Project("{F2A71F9B-5D33-465A-A702-920D77279786}") = "VerifyMbUnit3Support", "VerifyMbUnitV3Support\VerifyMbUnit3Support.fsproj", "{F785E81B-D1EC-4F0F-BAE7-8C22143C87DF}"
EndProject
Project("{F2A71F9B-5D33-465A-A702-920D77279786}") = "Unquote.Profile259", "Unquote.Profile259\Unquote.Profile259.fsproj", "{53511C59-3512-4107-8B8D-1E13E39D4EBF}"
EndProject
Project("{F2A71F9B-5D33-465A-A702-920D77279786}") = "UnquoteTests.Profile259", "UnquoteTests.Profile259\UnquoteTests.Profile259.fsproj", "{B832C801-9E32-4AC8-88ED-AEDC27AE8D84}"
EndProject
Project("{F2A71F9B-5D33-465A-A702-920D77279786}") = "VerifyXunit1Support", "VerifyXunit1Support\VerifyXunit1Support.fsproj", "{584E665F-6C3C-4E36-8197-33FC631605EC}"
EndProject
Project("{F2A71F9B-5D33-465A-A702-920D77279786}") = "VerifyFuchuSupport", "VerifyFuchuSupport\VerifyFuchuSupport.fsproj", "{627D7E41-5569-4964-9B57-0B8B6360F5D2}"
EndProject
Project("{F2A71F9B-5D33-465A-A702-920D77279786}") = "VerifyNunit3Support", "VerifyNunit3Support\VerifyNunit3Support.fsproj", "{154CB55A-CBF7-42D6-83E9-B868B3A88A26}"
EndProject
Global
	GlobalSection(SolutionConfigurationPlatforms) = preSolution
		Debug|Any CPU = Debug|Any CPU
		Debug|Mixed Platforms = Debug|Mixed Platforms
		Debug|x86 = Debug|x86
		Release|Any CPU = Release|Any CPU
		Release|Mixed Platforms = Release|Mixed Platforms
		Release|x86 = Release|x86
	EndGlobalSection
	GlobalSection(ProjectConfigurationPlatforms) = postSolution
		{78942CAF-9D8D-4E44-8953-E04E58E27D51}.Debug|Any CPU.ActiveCfg = Debug|Any CPU
		{78942CAF-9D8D-4E44-8953-E04E58E27D51}.Debug|Mixed Platforms.ActiveCfg = Debug|x86
		{78942CAF-9D8D-4E44-8953-E04E58E27D51}.Debug|Mixed Platforms.Build.0 = Debug|x86
		{78942CAF-9D8D-4E44-8953-E04E58E27D51}.Debug|x86.ActiveCfg = Debug|x86
		{78942CAF-9D8D-4E44-8953-E04E58E27D51}.Debug|x86.Build.0 = Debug|x86
		{78942CAF-9D8D-4E44-8953-E04E58E27D51}.Release|Any CPU.ActiveCfg = Release|Any CPU
		{78942CAF-9D8D-4E44-8953-E04E58E27D51}.Release|Mixed Platforms.ActiveCfg = Release|Any CPU
		{78942CAF-9D8D-4E44-8953-E04E58E27D51}.Release|x86.ActiveCfg = Release|x86
		{78942CAF-9D8D-4E44-8953-E04E58E27D51}.Release|x86.Build.0 = Release|x86
		{6E3F6FDB-A45F-4D07-8735-1CCCD10A7DBA}.Debug|Any CPU.ActiveCfg = Debug|Any CPU
		{6E3F6FDB-A45F-4D07-8735-1CCCD10A7DBA}.Debug|Mixed Platforms.ActiveCfg = Debug|x86
		{6E3F6FDB-A45F-4D07-8735-1CCCD10A7DBA}.Debug|Mixed Platforms.Build.0 = Debug|x86
		{6E3F6FDB-A45F-4D07-8735-1CCCD10A7DBA}.Debug|x86.ActiveCfg = Debug|x86
		{6E3F6FDB-A45F-4D07-8735-1CCCD10A7DBA}.Debug|x86.Build.0 = Debug|x86
		{6E3F6FDB-A45F-4D07-8735-1CCCD10A7DBA}.Release|Any CPU.ActiveCfg = Release|Any CPU
		{6E3F6FDB-A45F-4D07-8735-1CCCD10A7DBA}.Release|Mixed Platforms.ActiveCfg = Release|Any CPU
		{6E3F6FDB-A45F-4D07-8735-1CCCD10A7DBA}.Release|x86.ActiveCfg = Release|x86
		{6E3F6FDB-A45F-4D07-8735-1CCCD10A7DBA}.Release|x86.Build.0 = Release|x86
		{80F427B5-3AED-4D52-BC86-850A40427ECF}.Debug|Any CPU.ActiveCfg = Debug|Any CPU
		{80F427B5-3AED-4D52-BC86-850A40427ECF}.Debug|Any CPU.Build.0 = Debug|Any CPU
		{80F427B5-3AED-4D52-BC86-850A40427ECF}.Debug|Mixed Platforms.ActiveCfg = Debug|Any CPU
		{80F427B5-3AED-4D52-BC86-850A40427ECF}.Debug|Mixed Platforms.Build.0 = Debug|Any CPU
		{80F427B5-3AED-4D52-BC86-850A40427ECF}.Debug|x86.ActiveCfg = Debug|Any CPU
		{80F427B5-3AED-4D52-BC86-850A40427ECF}.Release|Any CPU.ActiveCfg = Release|Any CPU
		{80F427B5-3AED-4D52-BC86-850A40427ECF}.Release|Any CPU.Build.0 = Release|Any CPU
		{80F427B5-3AED-4D52-BC86-850A40427ECF}.Release|Mixed Platforms.ActiveCfg = Release|Any CPU
		{80F427B5-3AED-4D52-BC86-850A40427ECF}.Release|Mixed Platforms.Build.0 = Release|Any CPU
		{80F427B5-3AED-4D52-BC86-850A40427ECF}.Release|x86.ActiveCfg = Release|Any CPU
		{96699208-E64B-4EDF-95B8-78001CEBC7F8}.Debug|Any CPU.ActiveCfg = Debug|Any CPU
		{96699208-E64B-4EDF-95B8-78001CEBC7F8}.Debug|Mixed Platforms.ActiveCfg = Debug|x86
		{96699208-E64B-4EDF-95B8-78001CEBC7F8}.Debug|Mixed Platforms.Build.0 = Debug|x86
		{96699208-E64B-4EDF-95B8-78001CEBC7F8}.Debug|x86.ActiveCfg = Debug|x86
		{96699208-E64B-4EDF-95B8-78001CEBC7F8}.Debug|x86.Build.0 = Debug|x86
		{96699208-E64B-4EDF-95B8-78001CEBC7F8}.Release|Any CPU.ActiveCfg = Release|Any CPU
		{96699208-E64B-4EDF-95B8-78001CEBC7F8}.Release|Mixed Platforms.ActiveCfg = Release|Any CPU
		{96699208-E64B-4EDF-95B8-78001CEBC7F8}.Release|x86.ActiveCfg = Release|x86
		{96699208-E64B-4EDF-95B8-78001CEBC7F8}.Release|x86.Build.0 = Release|x86
		{110FE67E-4603-4905-8BA0-8B043AAC2677}.Debug|Any CPU.ActiveCfg = Debug|Any CPU
		{110FE67E-4603-4905-8BA0-8B043AAC2677}.Debug|Any CPU.Build.0 = Debug|Any CPU
		{110FE67E-4603-4905-8BA0-8B043AAC2677}.Debug|Mixed Platforms.ActiveCfg = Debug|Any CPU
		{110FE67E-4603-4905-8BA0-8B043AAC2677}.Debug|Mixed Platforms.Build.0 = Debug|Any CPU
		{110FE67E-4603-4905-8BA0-8B043AAC2677}.Debug|x86.ActiveCfg = Debug|x86
		{110FE67E-4603-4905-8BA0-8B043AAC2677}.Debug|x86.Build.0 = Debug|x86
		{110FE67E-4603-4905-8BA0-8B043AAC2677}.Release|Any CPU.ActiveCfg = Release|Any CPU
		{110FE67E-4603-4905-8BA0-8B043AAC2677}.Release|Any CPU.Build.0 = Release|Any CPU
		{110FE67E-4603-4905-8BA0-8B043AAC2677}.Release|Mixed Platforms.ActiveCfg = Release|Any CPU
		{110FE67E-4603-4905-8BA0-8B043AAC2677}.Release|Mixed Platforms.Build.0 = Release|Any CPU
		{110FE67E-4603-4905-8BA0-8B043AAC2677}.Release|x86.ActiveCfg = Release|x86
		{110FE67E-4603-4905-8BA0-8B043AAC2677}.Release|x86.Build.0 = Release|x86
		{F785E81B-D1EC-4F0F-BAE7-8C22143C87DF}.Debug|Any CPU.ActiveCfg = Debug|Any CPU
		{F785E81B-D1EC-4F0F-BAE7-8C22143C87DF}.Debug|Mixed Platforms.ActiveCfg = Debug|Any CPU
		{F785E81B-D1EC-4F0F-BAE7-8C22143C87DF}.Debug|Mixed Platforms.Build.0 = Debug|Any CPU
		{F785E81B-D1EC-4F0F-BAE7-8C22143C87DF}.Debug|x86.ActiveCfg = Debug|Any CPU
		{F785E81B-D1EC-4F0F-BAE7-8C22143C87DF}.Release|Any CPU.ActiveCfg = Release|Any CPU
		{F785E81B-D1EC-4F0F-BAE7-8C22143C87DF}.Release|Mixed Platforms.ActiveCfg = Release|Any CPU
		{F785E81B-D1EC-4F0F-BAE7-8C22143C87DF}.Release|x86.ActiveCfg = Release|Any CPU
		{53511C59-3512-4107-8B8D-1E13E39D4EBF}.Debug|Any CPU.ActiveCfg = Debug|Any CPU
		{53511C59-3512-4107-8B8D-1E13E39D4EBF}.Debug|Any CPU.Build.0 = Debug|Any CPU
		{53511C59-3512-4107-8B8D-1E13E39D4EBF}.Debug|Mixed Platforms.ActiveCfg = Debug|Any CPU
		{53511C59-3512-4107-8B8D-1E13E39D4EBF}.Debug|Mixed Platforms.Build.0 = Debug|Any CPU
		{53511C59-3512-4107-8B8D-1E13E39D4EBF}.Debug|x86.ActiveCfg = Debug|Any CPU
		{53511C59-3512-4107-8B8D-1E13E39D4EBF}.Release|Any CPU.ActiveCfg = Release|Any CPU
		{53511C59-3512-4107-8B8D-1E13E39D4EBF}.Release|Any CPU.Build.0 = Release|Any CPU
		{53511C59-3512-4107-8B8D-1E13E39D4EBF}.Release|Mixed Platforms.ActiveCfg = Release|Any CPU
		{53511C59-3512-4107-8B8D-1E13E39D4EBF}.Release|Mixed Platforms.Build.0 = Release|Any CPU
		{53511C59-3512-4107-8B8D-1E13E39D4EBF}.Release|x86.ActiveCfg = Release|Any CPU
		{B832C801-9E32-4AC8-88ED-AEDC27AE8D84}.Debug|Any CPU.ActiveCfg = Debug|Any CPU
		{B832C801-9E32-4AC8-88ED-AEDC27AE8D84}.Debug|Any CPU.Build.0 = Debug|Any CPU
		{B832C801-9E32-4AC8-88ED-AEDC27AE8D84}.Debug|Mixed Platforms.ActiveCfg = Debug|Any CPU
		{B832C801-9E32-4AC8-88ED-AEDC27AE8D84}.Debug|Mixed Platforms.Build.0 = Debug|Any CPU
		{B832C801-9E32-4AC8-88ED-AEDC27AE8D84}.Debug|x86.ActiveCfg = Debug|Any CPU
		{B832C801-9E32-4AC8-88ED-AEDC27AE8D84}.Release|Any CPU.ActiveCfg = Release|Any CPU
		{B832C801-9E32-4AC8-88ED-AEDC27AE8D84}.Release|Any CPU.Build.0 = Release|Any CPU
		{B832C801-9E32-4AC8-88ED-AEDC27AE8D84}.Release|Mixed Platforms.ActiveCfg = Release|Any CPU
		{B832C801-9E32-4AC8-88ED-AEDC27AE8D84}.Release|Mixed Platforms.Build.0 = Release|Any CPU
		{B832C801-9E32-4AC8-88ED-AEDC27AE8D84}.Release|x86.ActiveCfg = Release|Any CPU
		{584E665F-6C3C-4E36-8197-33FC631605EC}.Debug|Any CPU.ActiveCfg = Debug|Any CPU
		{584E665F-6C3C-4E36-8197-33FC631605EC}.Debug|Any CPU.Build.0 = Debug|Any CPU
		{584E665F-6C3C-4E36-8197-33FC631605EC}.Debug|Mixed Platforms.ActiveCfg = Debug|Any CPU
		{584E665F-6C3C-4E36-8197-33FC631605EC}.Debug|Mixed Platforms.Build.0 = Debug|Any CPU
		{584E665F-6C3C-4E36-8197-33FC631605EC}.Debug|x86.ActiveCfg = Debug|Any CPU
		{584E665F-6C3C-4E36-8197-33FC631605EC}.Release|Any CPU.ActiveCfg = Release|Any CPU
		{584E665F-6C3C-4E36-8197-33FC631605EC}.Release|Any CPU.Build.0 = Release|Any CPU
		{584E665F-6C3C-4E36-8197-33FC631605EC}.Release|Mixed Platforms.ActiveCfg = Release|Any CPU
		{584E665F-6C3C-4E36-8197-33FC631605EC}.Release|x86.ActiveCfg = Release|Any CPU
		{627D7E41-5569-4964-9B57-0B8B6360F5D2}.Debug|Any CPU.ActiveCfg = Debug|Any CPU
		{627D7E41-5569-4964-9B57-0B8B6360F5D2}.Debug|Any CPU.Build.0 = Debug|Any CPU
		{627D7E41-5569-4964-9B57-0B8B6360F5D2}.Debug|Mixed Platforms.ActiveCfg = Debug|Any CPU
		{627D7E41-5569-4964-9B57-0B8B6360F5D2}.Debug|Mixed Platforms.Build.0 = Debug|Any CPU
		{627D7E41-5569-4964-9B57-0B8B6360F5D2}.Debug|x86.ActiveCfg = Debug|Any CPU
		{627D7E41-5569-4964-9B57-0B8B6360F5D2}.Release|Any CPU.ActiveCfg = Release|Any CPU
		{627D7E41-5569-4964-9B57-0B8B6360F5D2}.Release|Any CPU.Build.0 = Release|Any CPU
		{627D7E41-5569-4964-9B57-0B8B6360F5D2}.Release|Mixed Platforms.ActiveCfg = Release|Any CPU
		{627D7E41-5569-4964-9B57-0B8B6360F5D2}.Release|x86.ActiveCfg = Release|Any CPU
		{154CB55A-CBF7-42D6-83E9-B868B3A88A26}.Debug|Any CPU.ActiveCfg = Debug|Any CPU
		{154CB55A-CBF7-42D6-83E9-B868B3A88A26}.Debug|Any CPU.Build.0 = Debug|Any CPU
		{154CB55A-CBF7-42D6-83E9-B868B3A88A26}.Debug|Mixed Platforms.ActiveCfg = Debug|Any CPU
		{154CB55A-CBF7-42D6-83E9-B868B3A88A26}.Debug|Mixed Platforms.Build.0 = Debug|Any CPU
		{154CB55A-CBF7-42D6-83E9-B868B3A88A26}.Debug|x86.ActiveCfg = Debug|Any CPU
		{154CB55A-CBF7-42D6-83E9-B868B3A88A26}.Release|Any CPU.ActiveCfg = Release|Any CPU
		{154CB55A-CBF7-42D6-83E9-B868B3A88A26}.Release|Any CPU.Build.0 = Release|Any CPU
		{154CB55A-CBF7-42D6-83E9-B868B3A88A26}.Release|Mixed Platforms.ActiveCfg = Release|Any CPU
		{154CB55A-CBF7-42D6-83E9-B868B3A88A26}.Release|Mixed Platforms.Build.0 = Release|Any CPU
		{154CB55A-CBF7-42D6-83E9-B868B3A88A26}.Release|x86.ActiveCfg = Release|Any CPU
	EndGlobalSection
	GlobalSection(SolutionProperties) = preSolution
		HideSolutionNode = FALSE
	EndGlobalSection
	GlobalSection(NestedProjects) = preSolution
		{78942CAF-9D8D-4E44-8953-E04E58E27D51} = {6C77CA49-EACA-4B17-A67B-BBE2B6836640}
		{6E3F6FDB-A45F-4D07-8735-1CCCD10A7DBA} = {6C77CA49-EACA-4B17-A67B-BBE2B6836640}
		{80F427B5-3AED-4D52-BC86-850A40427ECF} = {EB32E8B1-DE90-4335-B342-41E3A79D279C}
		{96699208-E64B-4EDF-95B8-78001CEBC7F8} = {6C77CA49-EACA-4B17-A67B-BBE2B6836640}
		{110FE67E-4603-4905-8BA0-8B043AAC2677} = {F9C32BC8-6AC9-47E0-9859-3696C06FC112}
		{F785E81B-D1EC-4F0F-BAE7-8C22143C87DF} = {6C77CA49-EACA-4B17-A67B-BBE2B6836640}
		{53511C59-3512-4107-8B8D-1E13E39D4EBF} = {EB32E8B1-DE90-4335-B342-41E3A79D279C}
		{B832C801-9E32-4AC8-88ED-AEDC27AE8D84} = {F9C32BC8-6AC9-47E0-9859-3696C06FC112}
		{584E665F-6C3C-4E36-8197-33FC631605EC} = {6C77CA49-EACA-4B17-A67B-BBE2B6836640}
		{627D7E41-5569-4964-9B57-0B8B6360F5D2} = {6C77CA49-EACA-4B17-A67B-BBE2B6836640}
		{154CB55A-CBF7-42D6-83E9-B868B3A88A26} = {6C77CA49-EACA-4B17-A67B-BBE2B6836640}
	EndGlobalSection
EndGlobal
