
Microsoft Visual Studio Solution File, Format Version 12.00
# Visual Studio 15
VisualStudioVersion = 15.0.26124.0
MinimumVisualStudioVersion = 15.0.26124.0
Project("{2150E333-8FDC-42A3-9474-1A3956D46DE8}") = "src", "src", "{BD953E61-B0CC-405E-AF92-FF6504E3A720}"
EndProject
Project("{F2A71F9B-5D33-465A-A702-920D77279786}") = "Unquote", "src\Unquote\Unquote.fsproj", "{6A3A80CD-42FE-42B8-94F9-38F89C64B6DF}"
EndProject
Project("{2150E333-8FDC-42A3-9474-1A3956D46DE8}") = "test", "test", "{336CD055-01F3-4B85-910A-79D9873C05F3}"
EndProject
Project("{F2A71F9B-5D33-465A-A702-920D77279786}") = "UnquoteTests", "test\UnquoteTests\UnquoteTests.fsproj", "{9D31241B-F816-48FB-84AF-1F338EC8961E}"
EndProject
Project("{2150E333-8FDC-42A3-9474-1A3956D46DE8}") = "verify", "verify", "{1F4E9767-C9F1-4235-AD37-2AC9452A6F36}"
EndProject
Project("{F2A71F9B-5D33-465A-A702-920D77279786}") = "noframework", "verify\noframework\noframework.fsproj", "{FC4DA38C-78C2-45BA-92CB-BBA38519246E}"
EndProject
Project("{F2A71F9B-5D33-465A-A702-920D77279786}") = "expecto9", "verify\expecto9\expecto9.fsproj", "{CF712BBA-9EEE-42F8-B916-6845908CBB73}"
EndProject
Project("{F2A71F9B-5D33-465A-A702-920D77279786}") = "nunit3", "verify\nunit3\nunit3.fsproj", "{C80103CA-08DC-4AE1-A76E-E6957C8B4ACC}"
EndProject
Project("{F2A71F9B-5D33-465A-A702-920D77279786}") = "xunit2", "verify\xunit2\xunit2.fsproj", "{AAA79FB0-D2EF-461D-A0FC-0C8D22ACC0DF}"
EndProject
Project("{F2A71F9B-5D33-465A-A702-920D77279786}") = "UnquoteTests.Net6", "test\UnquoteTests.Net6\UnquoteTests.Net6.fsproj", "{15C906E2-EB95-43BC-8039-9132F8F8582D}"
EndProject
Global
	GlobalSection(SolutionConfigurationPlatforms) = preSolution
		Debug|Any CPU = Debug|Any CPU
		Debug|x64 = Debug|x64
		Debug|x86 = Debug|x86
		Release|Any CPU = Release|Any CPU
		Release|x64 = Release|x64
		Release|x86 = Release|x86
	EndGlobalSection
	GlobalSection(SolutionProperties) = preSolution
		HideSolutionNode = FALSE
	EndGlobalSection
	GlobalSection(ProjectConfigurationPlatforms) = postSolution
		{6A3A80CD-42FE-42B8-94F9-38F89C64B6DF}.Debug|Any CPU.ActiveCfg = Debug|Any CPU
		{6A3A80CD-42FE-42B8-94F9-38F89C64B6DF}.Debug|Any CPU.Build.0 = Debug|Any CPU
		{6A3A80CD-42FE-42B8-94F9-38F89C64B6DF}.Debug|x64.ActiveCfg = Debug|Any CPU
		{6A3A80CD-42FE-42B8-94F9-38F89C64B6DF}.Debug|x64.Build.0 = Debug|Any CPU
		{6A3A80CD-42FE-42B8-94F9-38F89C64B6DF}.Debug|x86.ActiveCfg = Debug|Any CPU
		{6A3A80CD-42FE-42B8-94F9-38F89C64B6DF}.Debug|x86.Build.0 = Debug|Any CPU
		{6A3A80CD-42FE-42B8-94F9-38F89C64B6DF}.Release|Any CPU.ActiveCfg = Release|Any CPU
		{6A3A80CD-42FE-42B8-94F9-38F89C64B6DF}.Release|Any CPU.Build.0 = Release|Any CPU
		{6A3A80CD-42FE-42B8-94F9-38F89C64B6DF}.Release|x64.ActiveCfg = Release|Any CPU
		{6A3A80CD-42FE-42B8-94F9-38F89C64B6DF}.Release|x64.Build.0 = Release|Any CPU
		{6A3A80CD-42FE-42B8-94F9-38F89C64B6DF}.Release|x86.ActiveCfg = Release|Any CPU
		{6A3A80CD-42FE-42B8-94F9-38F89C64B6DF}.Release|x86.Build.0 = Release|Any CPU
		{9D31241B-F816-48FB-84AF-1F338EC8961E}.Debug|Any CPU.ActiveCfg = Debug|Any CPU
		{9D31241B-F816-48FB-84AF-1F338EC8961E}.Debug|Any CPU.Build.0 = Debug|Any CPU
		{9D31241B-F816-48FB-84AF-1F338EC8961E}.Debug|x64.ActiveCfg = Debug|Any CPU
		{9D31241B-F816-48FB-84AF-1F338EC8961E}.Debug|x64.Build.0 = Debug|Any CPU
		{9D31241B-F816-48FB-84AF-1F338EC8961E}.Debug|x86.ActiveCfg = Debug|Any CPU
		{9D31241B-F816-48FB-84AF-1F338EC8961E}.Debug|x86.Build.0 = Debug|Any CPU
		{9D31241B-F816-48FB-84AF-1F338EC8961E}.Release|Any CPU.ActiveCfg = Release|Any CPU
		{9D31241B-F816-48FB-84AF-1F338EC8961E}.Release|Any CPU.Build.0 = Release|Any CPU
		{9D31241B-F816-48FB-84AF-1F338EC8961E}.Release|x64.ActiveCfg = Release|Any CPU
		{9D31241B-F816-48FB-84AF-1F338EC8961E}.Release|x64.Build.0 = Release|Any CPU
		{9D31241B-F816-48FB-84AF-1F338EC8961E}.Release|x86.ActiveCfg = Release|Any CPU
		{9D31241B-F816-48FB-84AF-1F338EC8961E}.Release|x86.Build.0 = Release|Any CPU
		{FC4DA38C-78C2-45BA-92CB-BBA38519246E}.Debug|Any CPU.ActiveCfg = Debug|Any CPU
		{FC4DA38C-78C2-45BA-92CB-BBA38519246E}.Debug|Any CPU.Build.0 = Debug|Any CPU
		{FC4DA38C-78C2-45BA-92CB-BBA38519246E}.Debug|x64.ActiveCfg = Debug|Any CPU
		{FC4DA38C-78C2-45BA-92CB-BBA38519246E}.Debug|x64.Build.0 = Debug|Any CPU
		{FC4DA38C-78C2-45BA-92CB-BBA38519246E}.Debug|x86.ActiveCfg = Debug|Any CPU
		{FC4DA38C-78C2-45BA-92CB-BBA38519246E}.Debug|x86.Build.0 = Debug|Any CPU
		{FC4DA38C-78C2-45BA-92CB-BBA38519246E}.Release|Any CPU.ActiveCfg = Release|Any CPU
		{FC4DA38C-78C2-45BA-92CB-BBA38519246E}.Release|Any CPU.Build.0 = Release|Any CPU
		{FC4DA38C-78C2-45BA-92CB-BBA38519246E}.Release|x64.ActiveCfg = Release|Any CPU
		{FC4DA38C-78C2-45BA-92CB-BBA38519246E}.Release|x64.Build.0 = Release|Any CPU
		{FC4DA38C-78C2-45BA-92CB-BBA38519246E}.Release|x86.ActiveCfg = Release|Any CPU
		{FC4DA38C-78C2-45BA-92CB-BBA38519246E}.Release|x86.Build.0 = Release|Any CPU
		{CF712BBA-9EEE-42F8-B916-6845908CBB73}.Debug|Any CPU.ActiveCfg = Debug|Any CPU
		{CF712BBA-9EEE-42F8-B916-6845908CBB73}.Debug|Any CPU.Build.0 = Debug|Any CPU
		{CF712BBA-9EEE-42F8-B916-6845908CBB73}.Debug|x64.ActiveCfg = Debug|Any CPU
		{CF712BBA-9EEE-42F8-B916-6845908CBB73}.Debug|x64.Build.0 = Debug|Any CPU
		{CF712BBA-9EEE-42F8-B916-6845908CBB73}.Debug|x86.ActiveCfg = Debug|Any CPU
		{CF712BBA-9EEE-42F8-B916-6845908CBB73}.Debug|x86.Build.0 = Debug|Any CPU
		{CF712BBA-9EEE-42F8-B916-6845908CBB73}.Release|Any CPU.ActiveCfg = Release|Any CPU
		{CF712BBA-9EEE-42F8-B916-6845908CBB73}.Release|Any CPU.Build.0 = Release|Any CPU
		{CF712BBA-9EEE-42F8-B916-6845908CBB73}.Release|x64.ActiveCfg = Release|Any CPU
		{CF712BBA-9EEE-42F8-B916-6845908CBB73}.Release|x64.Build.0 = Release|Any CPU
		{CF712BBA-9EEE-42F8-B916-6845908CBB73}.Release|x86.ActiveCfg = Release|Any CPU
		{CF712BBA-9EEE-42F8-B916-6845908CBB73}.Release|x86.Build.0 = Release|Any CPU
		{C80103CA-08DC-4AE1-A76E-E6957C8B4ACC}.Debug|Any CPU.ActiveCfg = Debug|Any CPU
		{C80103CA-08DC-4AE1-A76E-E6957C8B4ACC}.Debug|Any CPU.Build.0 = Debug|Any CPU
		{C80103CA-08DC-4AE1-A76E-E6957C8B4ACC}.Debug|x64.ActiveCfg = Debug|Any CPU
		{C80103CA-08DC-4AE1-A76E-E6957C8B4ACC}.Debug|x64.Build.0 = Debug|Any CPU
		{C80103CA-08DC-4AE1-A76E-E6957C8B4ACC}.Debug|x86.ActiveCfg = Debug|Any CPU
		{C80103CA-08DC-4AE1-A76E-E6957C8B4ACC}.Debug|x86.Build.0 = Debug|Any CPU
		{C80103CA-08DC-4AE1-A76E-E6957C8B4ACC}.Release|Any CPU.ActiveCfg = Release|Any CPU
		{C80103CA-08DC-4AE1-A76E-E6957C8B4ACC}.Release|Any CPU.Build.0 = Release|Any CPU
		{C80103CA-08DC-4AE1-A76E-E6957C8B4ACC}.Release|x64.ActiveCfg = Release|Any CPU
		{C80103CA-08DC-4AE1-A76E-E6957C8B4ACC}.Release|x64.Build.0 = Release|Any CPU
		{C80103CA-08DC-4AE1-A76E-E6957C8B4ACC}.Release|x86.ActiveCfg = Release|Any CPU
		{C80103CA-08DC-4AE1-A76E-E6957C8B4ACC}.Release|x86.Build.0 = Release|Any CPU
		{AAA79FB0-D2EF-461D-A0FC-0C8D22ACC0DF}.Debug|Any CPU.ActiveCfg = Debug|Any CPU
		{AAA79FB0-D2EF-461D-A0FC-0C8D22ACC0DF}.Debug|Any CPU.Build.0 = Debug|Any CPU
		{AAA79FB0-D2EF-461D-A0FC-0C8D22ACC0DF}.Debug|x64.ActiveCfg = Debug|Any CPU
		{AAA79FB0-D2EF-461D-A0FC-0C8D22ACC0DF}.Debug|x64.Build.0 = Debug|Any CPU
		{AAA79FB0-D2EF-461D-A0FC-0C8D22ACC0DF}.Debug|x86.ActiveCfg = Debug|Any CPU
		{AAA79FB0-D2EF-461D-A0FC-0C8D22ACC0DF}.Debug|x86.Build.0 = Debug|Any CPU
		{AAA79FB0-D2EF-461D-A0FC-0C8D22ACC0DF}.Release|Any CPU.ActiveCfg = Release|Any CPU
		{AAA79FB0-D2EF-461D-A0FC-0C8D22ACC0DF}.Release|Any CPU.Build.0 = Release|Any CPU
		{AAA79FB0-D2EF-461D-A0FC-0C8D22ACC0DF}.Release|x64.ActiveCfg = Release|Any CPU
		{AAA79FB0-D2EF-461D-A0FC-0C8D22ACC0DF}.Release|x64.Build.0 = Release|Any CPU
		{AAA79FB0-D2EF-461D-A0FC-0C8D22ACC0DF}.Release|x86.ActiveCfg = Release|Any CPU
		{AAA79FB0-D2EF-461D-A0FC-0C8D22ACC0DF}.Release|x86.Build.0 = Release|Any CPU
		{15C906E2-EB95-43BC-8039-9132F8F8582D}.Debug|Any CPU.ActiveCfg = Debug|Any CPU
		{15C906E2-EB95-43BC-8039-9132F8F8582D}.Debug|Any CPU.Build.0 = Debug|Any CPU
		{15C906E2-EB95-43BC-8039-9132F8F8582D}.Debug|x64.ActiveCfg = Debug|Any CPU
		{15C906E2-EB95-43BC-8039-9132F8F8582D}.Debug|x64.Build.0 = Debug|Any CPU
		{15C906E2-EB95-43BC-8039-9132F8F8582D}.Debug|x86.ActiveCfg = Debug|Any CPU
		{15C906E2-EB95-43BC-8039-9132F8F8582D}.Debug|x86.Build.0 = Debug|Any CPU
		{15C906E2-EB95-43BC-8039-9132F8F8582D}.Release|Any CPU.ActiveCfg = Release|Any CPU
		{15C906E2-EB95-43BC-8039-9132F8F8582D}.Release|Any CPU.Build.0 = Release|Any CPU
		{15C906E2-EB95-43BC-8039-9132F8F8582D}.Release|x64.ActiveCfg = Release|Any CPU
		{15C906E2-EB95-43BC-8039-9132F8F8582D}.Release|x64.Build.0 = Release|Any CPU
		{15C906E2-EB95-43BC-8039-9132F8F8582D}.Release|x86.ActiveCfg = Release|Any CPU
		{15C906E2-EB95-43BC-8039-9132F8F8582D}.Release|x86.Build.0 = Release|Any CPU
	EndGlobalSection
	GlobalSection(NestedProjects) = preSolution
		{6A3A80CD-42FE-42B8-94F9-38F89C64B6DF} = {BD953E61-B0CC-405E-AF92-FF6504E3A720}
		{9D31241B-F816-48FB-84AF-1F338EC8961E} = {336CD055-01F3-4B85-910A-79D9873C05F3}
		{FC4DA38C-78C2-45BA-92CB-BBA38519246E} = {1F4E9767-C9F1-4235-AD37-2AC9452A6F36}
		{CF712BBA-9EEE-42F8-B916-6845908CBB73} = {1F4E9767-C9F1-4235-AD37-2AC9452A6F36}
		{C80103CA-08DC-4AE1-A76E-E6957C8B4ACC} = {1F4E9767-C9F1-4235-AD37-2AC9452A6F36}
		{AAA79FB0-D2EF-461D-A0FC-0C8D22ACC0DF} = {1F4E9767-C9F1-4235-AD37-2AC9452A6F36}
		{15C906E2-EB95-43BC-8039-9132F8F8582D} = {336CD055-01F3-4B85-910A-79D9873C05F3}
	EndGlobalSection
EndGlobal
