{
  "version": 1,
  "dependencies": {
    ".NETCoreApp,Version=v5.0": {
      "FSharp.Core": {
        "type": "Direct",
        "requested": "[5.0.0, )",
        "resolved": "5.0.0",
        "contentHash": "iHoYXA0VaSQUONGENB1aVafjDDZDZpwu39MtaRCTrmwFW/cTcK0b2yKNVYneFHJMc3ChtsSoM9lNtJ1dYXkHfA=="
      },
      "unquote": {
        "type": "Project",
        "dependencies": {
          "FSharp.Core": "5.0.0"
        }
      }
    }
  }
}