{
  "version": 1,
  "dependencies": {
    "net8.0": {
      "FSharp.Core": {
        "type": "Direct",
        "requested": "[4.7.2, )",
        "resolved": "4.7.2",
        "contentHash": "w3XFVTnyZUbC8e2QT6a85ern6y7eQPPk+MYemz1FP0iBfgZcembL+wmo5cIZ1kxB8jfoXC8Q9KVkOMsGpkBKbA=="
      },
      "unquote": {
        "type": "Project",
        "dependencies": {
          "FSharp.Core": "[4.7.2, )"
        }
      }
    }
  }
}