
Microsoft Visual Studio Solution File, Format Version 11.00
# Visual Studio 2010
Project("{F2A71F9B-5D33-465A-A702-920D77279786}") = "Unquote.Net40", "Unquote.Net40\Unquote.Net40.fsproj", "{BDCA2201-A8D1-42DC-942E-1FCAE24E47C5}"
EndProject
Global
	GlobalSection(SolutionConfigurationPlatforms) = preSolution
		Debug|Any CPU = Debug|Any CPU
		Release|Any CPU = Release|Any CPU
	EndGlobalSection
	GlobalSection(ProjectConfigurationPlatforms) = postSolution
		{BDCA2201-A8D1-42DC-942E-1FCAE24E47C5}.Debug|Any CPU.ActiveCfg = Debug|Any CPU
		{BDCA2201-A8D1-42DC-942E-1FCAE24E47C5}.Debug|Any CPU.Build.0 = Debug|Any CPU
		{BDCA2201-A8D1-42DC-942E-1FCAE24E47C5}.Release|Any CPU.ActiveCfg = Release|Any CPU
		{BDCA2201-A8D1-42DC-942E-1FCAE24E47C5}.Release|Any CPU.Build.0 = Release|Any CPU
	EndGlobalSection
	GlobalSection(SolutionProperties) = preSolution
		HideSolutionNode = FALSE
	EndGlobalSection
EndGlobal
