
Microsoft Visual Studio Solution File, Format Version 11.00
# Visual Studio 2010
Project("{F2A71F9B-5D33-465A-A702-920D77279786}") = "ClearTest", "ClearTest\ClearTest.fsproj", "{80F427B5-3AED-4D52-BC86-850A40427ECF}"
EndProject
Global
	GlobalSection(SolutionConfigurationPlatforms) = preSolution
		Debug|Any CPU = Debug|Any CPU
		Release|Any CPU = Release|Any CPU
	EndGlobalSection
	GlobalSection(ProjectConfigurationPlatforms) = postSolution
		{80F427B5-3AED-4D52-BC86-850A40427ECF}.Debug|Any CPU.ActiveCfg = Debug|Any CPU
		{80F427B5-3AED-4D52-BC86-850A40427ECF}.Debug|Any CPU.Build.0 = Debug|Any CPU
		{80F427B5-3AED-4D52-BC86-850A40427ECF}.Release|Any CPU.ActiveCfg = Release|Any CPU
		{80F427B5-3AED-4D52-BC86-850A40427ECF}.Release|Any CPU.Build.0 = Release|Any CPU
	EndGlobalSection
	GlobalSection(SolutionProperties) = preSolution
		HideSolutionNode = FALSE
	EndGlobalSection
EndGlobal
