
Microsoft Visual Studio Solution File, Format Version 11.00
# Visual Studio 2010
Project("{F2A71F9B-5D33-465A-A702-920D77279786}") = "ClearTest", "ClearTest\ClearTest.fsproj", "{80F427B5-3AED-4D52-BC86-850A40427ECF}"
EndProject
Project("{F2A71F9B-5D33-465A-A702-920D77279786}") = "UnitTests", "UnitTests\UnitTests.fsproj", "{110FE67E-4603-4905-8BA0-8B043AAC2677}"
EndProject
Project("{F2A71F9B-5D33-465A-A702-920D77279786}") = "VerifyXunitSupport", "VerifyXunitSupport\VerifyXunitSupport.fsproj", "{78942CAF-9D8D-4E44-8953-E04E58E27D51}"
EndProject
Project("{F2A71F9B-5D33-465A-A702-920D77279786}") = "VerifyNunitSupport", "VerifyNunitSupport\VerifyNunitSupport.fsproj", "{6E3F6FDB-A45F-4D07-8735-1CCCD10A7DBA}"
EndProject
Global
	GlobalSection(SolutionConfigurationPlatforms) = preSolution
		Debug|Any CPU = Debug|Any CPU
		Debug|Mixed Platforms = Debug|Mixed Platforms
		Debug|x86 = Debug|x86
		Release|Any CPU = Release|Any CPU
		Release|Mixed Platforms = Release|Mixed Platforms
		Release|x86 = Release|x86
	EndGlobalSection
	GlobalSection(ProjectConfigurationPlatforms) = postSolution
		{80F427B5-3AED-4D52-BC86-850A40427ECF}.Debug|Any CPU.ActiveCfg = Debug|Any CPU
		{80F427B5-3AED-4D52-BC86-850A40427ECF}.Debug|Any CPU.Build.0 = Debug|Any CPU
		{80F427B5-3AED-4D52-BC86-850A40427ECF}.Debug|Mixed Platforms.ActiveCfg = Debug|Any CPU
		{80F427B5-3AED-4D52-BC86-850A40427ECF}.Debug|Mixed Platforms.Build.0 = Debug|Any CPU
		{80F427B5-3AED-4D52-BC86-850A40427ECF}.Debug|x86.ActiveCfg = Debug|Any CPU
		{80F427B5-3AED-4D52-BC86-850A40427ECF}.Release|Any CPU.ActiveCfg = Release|Any CPU
		{80F427B5-3AED-4D52-BC86-850A40427ECF}.Release|Any CPU.Build.0 = Release|Any CPU
		{80F427B5-3AED-4D52-BC86-850A40427ECF}.Release|Mixed Platforms.ActiveCfg = Release|Any CPU
		{80F427B5-3AED-4D52-BC86-850A40427ECF}.Release|Mixed Platforms.Build.0 = Release|Any CPU
		{80F427B5-3AED-4D52-BC86-850A40427ECF}.Release|x86.ActiveCfg = Release|Any CPU
		{110FE67E-4603-4905-8BA0-8B043AAC2677}.Debug|Any CPU.ActiveCfg = Debug|x86
		{110FE67E-4603-4905-8BA0-8B043AAC2677}.Debug|Mixed Platforms.ActiveCfg = Debug|x86
		{110FE67E-4603-4905-8BA0-8B043AAC2677}.Debug|Mixed Platforms.Build.0 = Debug|x86
		{110FE67E-4603-4905-8BA0-8B043AAC2677}.Debug|x86.ActiveCfg = Debug|x86
		{110FE67E-4603-4905-8BA0-8B043AAC2677}.Debug|x86.Build.0 = Debug|x86
		{110FE67E-4603-4905-8BA0-8B043AAC2677}.Release|Any CPU.ActiveCfg = Release|x86
		{110FE67E-4603-4905-8BA0-8B043AAC2677}.Release|Mixed Platforms.ActiveCfg = Release|x86
		{110FE67E-4603-4905-8BA0-8B043AAC2677}.Release|Mixed Platforms.Build.0 = Release|x86
		{110FE67E-4603-4905-8BA0-8B043AAC2677}.Release|x86.ActiveCfg = Release|x86
		{110FE67E-4603-4905-8BA0-8B043AAC2677}.Release|x86.Build.0 = Release|x86
		{78942CAF-9D8D-4E44-8953-E04E58E27D51}.Debug|Any CPU.ActiveCfg = Debug|x86
		{78942CAF-9D8D-4E44-8953-E04E58E27D51}.Debug|Mixed Platforms.ActiveCfg = Debug|x86
		{78942CAF-9D8D-4E44-8953-E04E58E27D51}.Debug|Mixed Platforms.Build.0 = Debug|x86
		{78942CAF-9D8D-4E44-8953-E04E58E27D51}.Debug|x86.ActiveCfg = Debug|x86
		{78942CAF-9D8D-4E44-8953-E04E58E27D51}.Debug|x86.Build.0 = Debug|x86
		{78942CAF-9D8D-4E44-8953-E04E58E27D51}.Release|Any CPU.ActiveCfg = Release|x86
		{78942CAF-9D8D-4E44-8953-E04E58E27D51}.Release|Mixed Platforms.ActiveCfg = Release|x86
		{78942CAF-9D8D-4E44-8953-E04E58E27D51}.Release|Mixed Platforms.Build.0 = Release|x86
		{78942CAF-9D8D-4E44-8953-E04E58E27D51}.Release|x86.ActiveCfg = Release|x86
		{78942CAF-9D8D-4E44-8953-E04E58E27D51}.Release|x86.Build.0 = Release|x86
		{6E3F6FDB-A45F-4D07-8735-1CCCD10A7DBA}.Debug|Any CPU.ActiveCfg = Debug|x86
		{6E3F6FDB-A45F-4D07-8735-1CCCD10A7DBA}.Debug|Mixed Platforms.ActiveCfg = Debug|x86
		{6E3F6FDB-A45F-4D07-8735-1CCCD10A7DBA}.Debug|Mixed Platforms.Build.0 = Debug|x86
		{6E3F6FDB-A45F-4D07-8735-1CCCD10A7DBA}.Debug|x86.ActiveCfg = Debug|x86
		{6E3F6FDB-A45F-4D07-8735-1CCCD10A7DBA}.Debug|x86.Build.0 = Debug|x86
		{6E3F6FDB-A45F-4D07-8735-1CCCD10A7DBA}.Release|Any CPU.ActiveCfg = Release|x86
		{6E3F6FDB-A45F-4D07-8735-1CCCD10A7DBA}.Release|Mixed Platforms.ActiveCfg = Release|x86
		{6E3F6FDB-A45F-4D07-8735-1CCCD10A7DBA}.Release|Mixed Platforms.Build.0 = Release|x86
		{6E3F6FDB-A45F-4D07-8735-1CCCD10A7DBA}.Release|x86.ActiveCfg = Release|x86
		{6E3F6FDB-A45F-4D07-8735-1CCCD10A7DBA}.Release|x86.Build.0 = Release|x86
	EndGlobalSection
	GlobalSection(SolutionProperties) = preSolution
		HideSolutionNode = FALSE
	EndGlobalSection
EndGlobal
